
Microsoft Visual Studio Solution File, Format Version 12.00
# Visual Studio Version 17
VisualStudioVersion = 17.0.31912.275
MinimumVisualStudioVersion = 10.0.40219.1
Project("{9A19103F-16F7-4668-BE54-9A1E7A4F7556}") = "RiftBot", "RiftBot\RiftBot.csproj", "{DDCFFE43-2213-4CED-ABAA-0C2956321FF0}"
EndProject
Project("{9A19103F-16F7-4668-BE54-9A1E7A4F7556}") = "RiftBot.Database", "RiftBot.Database\RiftBot.Database.csproj", "{819DBAB5-E688-41E1-BEF5-9BD9D4229BA0}"
EndProject
Project("{9A19103F-16F7-4668-BE54-9A1E7A4F7556}") = "RiftBot.Types", "RiftBot.Types\RiftBot.Types.csproj", "{EF5DCB67-7627-4FE3-908C-84E1CCF876CE}"
EndProject
Project("{9A19103F-16F7-4668-BE54-9A1E7A4F7556}") = "RunescapeApi", "RunescapeApi\RunescapeApi.csproj", "{966A4B32-30A8-432E-B56E-43FDD5D52473}"
EndProject
Project("{9A19103F-16F7-4668-BE54-9A1E7A4F7556}") = "RunePixels.Sdk", "RunePixels.Sdk\RunePixels.Sdk.csproj", "{CEB66495-DB8C-4261-B6A8-45A8AFBD92B4}"
EndProject
Global
	GlobalSection(SolutionConfigurationPlatforms) = preSolution
		Debug|Any CPU = Debug|Any CPU
		Release|Any CPU = Release|Any CPU
	EndGlobalSection
	GlobalSection(ProjectConfigurationPlatforms) = postSolution
		{DDCFFE43-2213-4CED-ABAA-0C2956321FF0}.Debug|Any CPU.ActiveCfg = Debug|Any CPU
		{DDCFFE43-2213-4CED-ABAA-0C2956321FF0}.Debug|Any CPU.Build.0 = Debug|Any CPU
		{DDCFFE43-2213-4CED-ABAA-0C2956321FF0}.Release|Any CPU.ActiveCfg = Release|Any CPU
		{DDCFFE43-2213-4CED-ABAA-0C2956321FF0}.Release|Any CPU.Build.0 = Release|Any CPU
		{819DBAB5-E688-41E1-BEF5-9BD9D4229BA0}.Debug|Any CPU.ActiveCfg = Debug|Any CPU
		{819DBAB5-E688-41E1-BEF5-9BD9D4229BA0}.Debug|Any CPU.Build.0 = Debug|Any CPU
		{819DBAB5-E688-41E1-BEF5-9BD9D4229BA0}.Release|Any CPU.ActiveCfg = Release|Any CPU
		{819DBAB5-E688-41E1-BEF5-9BD9D4229BA0}.Release|Any CPU.Build.0 = Release|Any CPU
		{EF5DCB67-7627-4FE3-908C-84E1CCF876CE}.Debug|Any CPU.ActiveCfg = Debug|Any CPU
		{EF5DCB67-7627-4FE3-908C-84E1CCF876CE}.Debug|Any CPU.Build.0 = Debug|Any CPU
		{EF5DCB67-7627-4FE3-908C-84E1CCF876CE}.Release|Any CPU.ActiveCfg = Release|Any CPU
		{EF5DCB67-7627-4FE3-908C-84E1CCF876CE}.Release|Any CPU.Build.0 = Release|Any CPU
		{966A4B32-30A8-432E-B56E-43FDD5D52473}.Debug|Any CPU.ActiveCfg = Debug|Any CPU
		{966A4B32-30A8-432E-B56E-43FDD5D52473}.Debug|Any CPU.Build.0 = Debug|Any CPU
		{966A4B32-30A8-432E-B56E-43FDD5D52473}.Release|Any CPU.ActiveCfg = Release|Any CPU
		{966A4B32-30A8-432E-B56E-43FDD5D52473}.Release|Any CPU.Build.0 = Release|Any CPU
		{CEB66495-DB8C-4261-B6A8-45A8AFBD92B4}.Debug|Any CPU.ActiveCfg = Debug|Any CPU
		{CEB66495-DB8C-4261-B6A8-45A8AFBD92B4}.Debug|Any CPU.Build.0 = Debug|Any CPU
		{CEB66495-DB8C-4261-B6A8-45A8AFBD92B4}.Release|Any CPU.ActiveCfg = Release|Any CPU
		{CEB66495-DB8C-4261-B6A8-45A8AFBD92B4}.Release|Any CPU.Build.0 = Release|Any CPU
	EndGlobalSection
	GlobalSection(SolutionProperties) = preSolution
		HideSolutionNode = FALSE
	EndGlobalSection
	GlobalSection(ExtensibilityGlobals) = postSolution
		SolutionGuid = {FC9D9011-B0A4-4D1D-BFB8-FFAA979CA9C7}
	EndGlobalSection
EndGlobal
